// !$*UTF8*$!
{
	archiveVersion = 1;
	classes = {
	};
	objectVersion = 55;
	objects = {

/* Begin PBXBuildFile section */
		4208857F287A34BF00C8FA3B /* AppDelegate.swift in Sources */ = {isa = PBXBuildFile; fileRef = 4208857E287A34BF00C8FA3B /* AppDelegate.swift */; };
		42088581287A34BF00C8FA3B /* SceneDelegate.swift in Sources */ = {isa = PBXBuildFile; fileRef = 42088580287A34BF00C8FA3B /* SceneDelegate.swift */; };
		42088583287A34BF00C8FA3B /* ReminderListViewController.swift in Sources */ = {isa = PBXBuildFile; fileRef = 42088582287A34BF00C8FA3B /* ReminderListViewController.swift */; };
		42088586287A34BF00C8FA3B /* Main.storyboard in Resources */ = {isa = PBXBuildFile; fileRef = 42088584287A34BF00C8FA3B /* Main.storyboard */; };
		42088588287A34C100C8FA3B /* Assets.xcassets in Resources */ = {isa = PBXBuildFile; fileRef = 42088587287A34C100C8FA3B /* Assets.xcassets */; };
		4208858B287A34C100C8FA3B /* LaunchScreen.storyboard in Resources */ = {isa = PBXBuildFile; fileRef = 42088589287A34C100C8FA3B /* LaunchScreen.storyboard */; };
		42088594287C940800C8FA3B /* Reminder.swift in Sources */ = {isa = PBXBuildFile; fileRef = 42088593287C940800C8FA3B /* Reminder.swift */; };
		4210143128F1E2CC0048640A /* UIColor+Today.swift in Sources */ = {isa = PBXBuildFile; fileRef = 4210143028F1E2CC0048640A /* UIColor+Today.swift */; };
		421C885128B3DA68006E0BB6 /* Date+Today.swift in Sources */ = {isa = PBXBuildFile; fileRef = 421C885028B3DA68006E0BB6 /* Date+Today.swift */; };
		42B4146E2909A8EB006780EB /* ReminderDoneButton.swift in Sources */ = {isa = PBXBuildFile; fileRef = 42B4146D2909A8EB006780EB /* ReminderDoneButton.swift */; };
		42F081EC28CC0F1B00C07C1F /* ReminderListViewController+DataSource.swift in Sources */ = {isa = PBXBuildFile; fileRef = 42F081EB28CC0F1B00C07C1F /* ReminderListViewController+DataSource.swift */; };
/* End PBXBuildFile section */

/* Begin PBXFileReference section */
		4208857B287A34BF00C8FA3B /* Today.app */ = {isa = PBXFileReference; explicitFileType = wrapper.application; includeInIndex = 0; path = Today.app; sourceTree = BUILT_PRODUCTS_DIR; };
		4208857E287A34BF00C8FA3B /* AppDelegate.swift */ = {isa = PBXFileReference; lastKnownFileType = sourcecode.swift; path = AppDelegate.swift; sourceTree = "<group>"; };
		42088580287A34BF00C8FA3B /* SceneDelegate.swift */ = {isa = PBXFileReference; lastKnownFileType = sourcecode.swift; path = SceneDelegate.swift; sourceTree = "<group>"; };
		42088582287A34BF00C8FA3B /* ReminderListViewController.swift */ = {isa = PBXFileReference; lastKnownFileType = sourcecode.swift; path = ReminderListViewController.swift; sourceTree = "<group>"; };
		42088585287A34BF00C8FA3B /* Base */ = {isa = PBXFileReference; lastKnownFileType = file.storyboard; name = Base; path = Base.lproj/Main.storyboard; sourceTree = "<group>"; };
		42088587287A34C100C8FA3B /* Assets.xcassets */ = {isa = PBXFileReference; lastKnownFileType = folder.assetcatalog; path = Assets.xcassets; sourceTree = "<group>"; };
		4208858A287A34C100C8FA3B /* Base */ = {isa = PBXFileReference; lastKnownFileType = file.storyboard; name = Base; path = Base.lproj/LaunchScreen.storyboard; sourceTree = "<group>"; };
		4208858C287A34C100C8FA3B /* Info.plist */ = {isa = PBXFileReference; lastKnownFileType = text.plist.xml; path = Info.plist; sourceTree = "<group>"; };
		42088593287C940800C8FA3B /* Reminder.swift */ = {isa = PBXFileReference; lastKnownFileType = sourcecode.swift; name = Reminder.swift; path = ../Reminder.swift; sourceTree = "<group>"; };
		4210143028F1E2CC0048640A /* UIColor+Today.swift */ = {isa = PBXFileReference; lastKnownFileType = sourcecode.swift; path = "UIColor+Today.swift"; sourceTree = "<group>"; };
		421C885028B3DA68006E0BB6 /* Date+Today.swift */ = {isa = PBXFileReference; lastKnownFileType = sourcecode.swift; path = "Date+Today.swift"; sourceTree = "<group>"; };
		42B4146D2909A8EB006780EB /* ReminderDoneButton.swift */ = {isa = PBXFileReference; lastKnownFileType = sourcecode.swift; path = ReminderDoneButton.swift; sourceTree = "<group>"; };
		42F081EB28CC0F1B00C07C1F /* ReminderListViewController+DataSource.swift */ = {isa = PBXFileReference; lastKnownFileType = sourcecode.swift; path = "ReminderListViewController+DataSource.swift"; sourceTree = "<group>"; };
/* End PBXFileReference section */

/* Begin PBXFrameworksBuildPhase section */
		42088578287A34BF00C8FA3B /* Frameworks */ = {
			isa = PBXFrameworksBuildPhase;
			buildActionMask = 2147483647;
			files = (
			);
			runOnlyForDeploymentPostprocessing = 0;
		};
/* End PBXFrameworksBuildPhase section */

/* Begin PBXGroup section */
		42088572287A34BF00C8FA3B = {
			isa = PBXGroup;
			children = (
				4208857D287A34BF00C8FA3B /* Today */,
				4208857C287A34BF00C8FA3B /* Products */,
			);
			sourceTree = "<group>";
		};
		4208857C287A34BF00C8FA3B /* Products */ = {
			isa = PBXGroup;
			children = (
				4208857B287A34BF00C8FA3B /* Today.app */,
			);
			name = Products;
			sourceTree = "<group>";
		};
		4208857D287A34BF00C8FA3B /* Today */ = {
			isa = PBXGroup;
			children = (
				42088592287C93E700C8FA3B /* Models */,
				4208857E287A34BF00C8FA3B /* AppDelegate.swift */,
				42088580287A34BF00C8FA3B /* SceneDelegate.swift */,
				42F081EA28CC0ED100C07C1F /* ListViewController */,
				42088584287A34BF00C8FA3B /* Main.storyboard */,
				42088587287A34C100C8FA3B /* Assets.xcassets */,
				42088589287A34C100C8FA3B /* LaunchScreen.storyboard */,
				4208858C287A34C100C8FA3B /* Info.plist */,
			);
			path = Today;
			sourceTree = "<group>";
		};
		42088592287C93E700C8FA3B /* Models */ = {
			isa = PBXGroup;
			children = (
				42088593287C940800C8FA3B /* Reminder.swift */,
				421C885028B3DA68006E0BB6 /* Date+Today.swift */,
				4210143028F1E2CC0048640A /* UIColor+Today.swift */,
				42B4146D2909A8EB006780EB /* ReminderDoneButton.swift */,
			);
			path = Models;
			sourceTree = "<group>";
		};
		42F081EA28CC0ED100C07C1F /* ListViewController */ = {
			isa = PBXGroup;
			children = (
				42088582287A34BF00C8FA3B /* ReminderListViewController.swift */,
				42F081EB28CC0F1B00C07C1F /* ReminderListViewController+DataSource.swift */,
			);
			path = ListViewController;
			sourceTree = "<group>";
		};
/* End PBXGroup section */

/* Begin PBXNativeTarget section */
		4208857A287A34BF00C8FA3B /* Today */ = {
			isa = PBXNativeTarget;
			buildConfigurationList = 4208858F287A34C100C8FA3B /* Build configuration list for PBXNativeTarget "Today" */;
			buildPhases = (
				42088577287A34BF00C8FA3B /* Sources */,
				42088578287A34BF00C8FA3B /* Frameworks */,
				42088579287A34BF00C8FA3B /* Resources */,
			);
			buildRules = (
			);
			dependencies = (
			);
			name = Today;
			productName = Today;
			productReference = 4208857B287A34BF00C8FA3B /* Today.app */;
			productType = "com.apple.product-type.application";
		};
/* End PBXNativeTarget section */

/* Begin PBXProject section */
		42088573287A34BF00C8FA3B /* Project object */ = {
			isa = PBXProject;
			attributes = {
				BuildIndependentTargetsInParallel = 1;
				LastSwiftUpdateCheck = 1340;
				LastUpgradeCheck = 1340;
				TargetAttributes = {
					4208857A287A34BF00C8FA3B = {
						CreatedOnToolsVersion = 13.4.1;
					};
				};
			};
			buildConfigurationList = 42088576287A34BF00C8FA3B /* Build configuration list for PBXProject "Today" */;
			compatibilityVersion = "Xcode 13.0";
			developmentRegion = en;
			hasScannedForEncodings = 0;
			knownRegions = (
				en,
				Base,
			);
			mainGroup = 42088572287A34BF00C8FA3B;
			productRefGroup = 4208857C287A34BF00C8FA3B /* Products */;
			projectDirPath = "";
			projectRoot = "";
			targets = (
				4208857A287A34BF00C8FA3B /* Today */,
			);
		};
/* End PBXProject section */

/* Begin PBXResourcesBuildPhase section */
		42088579287A34BF00C8FA3B /* Resources */ = {
			isa = PBXResourcesBuildPhase;
			buildActionMask = 2147483647;
			files = (
				4208858B287A34C100C8FA3B /* LaunchScreen.storyboard in Resources */,
				42088588287A34C100C8FA3B /* Assets.xcassets in Resources */,
				42088586287A34BF00C8FA3B /* Main.storyboard in Resources */,
			);
			runOnlyForDeploymentPostprocessing = 0;
		};
/* End PBXResourcesBuildPhase section */

/* Begin PBXSourcesBuildPhase section */
		42088577287A34BF00C8FA3B /* Sources */ = {
			isa = PBXSourcesBuildPhase;
			buildActionMask = 2147483647;
			files = (
				4210143128F1E2CC0048640A /* UIColor+Today.swift in Sources */,
				42088583287A34BF00C8FA3B /* ReminderListViewController.swift in Sources */,
				421C885128B3DA68006E0BB6 /* Date+Today.swift in Sources */,
				42B4146E2909A8EB006780EB /* ReminderDoneButton.swift in Sources */,
				4208857F287A34BF00C8FA3B /* AppDelegate.swift in Sources */,
				42088581287A34BF00C8FA3B /* SceneDelegate.swift in Sources */,
				42088594287C940800C8FA3B /* Reminder.swift in Sources */,
				42F081EC28CC0F1B00C07C1F /* ReminderListViewController+DataSource.swift in Sources */,
			);
			runOnlyForDeploymentPostprocessing = 0;
		};
/* End PBXSourcesBuildPhase section */

/* Begin PBXVariantGroup section */
		42088584287A34BF00C8FA3B /* Main.storyboard */ = {
			isa = PBXVariantGroup;
			children = (
				42088585287A34BF00C8FA3B /* Base */,
			);
			name = Main.storyboard;
			sourceTree = "<group>";
		};
		42088589287A34C100C8FA3B /* LaunchScreen.storyboard */ = {
			isa = PBXVariantGroup;
			children = (
				4208858A287A34C100C8FA3B /* Base */,
			);
			name = LaunchScreen.storyboard;
			sourceTree = "<group>";
		};
/* End PBXVariantGroup section */

/* Begin XCBuildConfiguration section */
		4208858D287A34C100C8FA3B /* Debug */ = {
			isa = XCBuildConfiguration;
			buildSettings = {
				ALWAYS_SEARCH_USER_PATHS = NO;
				CLANG_ANALYZER_NONNULL = YES;
				CLANG_ANALYZER_NUMBER_OBJECT_CONVERSION = YES_AGGRESSIVE;
				CLANG_CXX_LANGUAGE_STANDARD = "gnu++17";
				CLANG_ENABLE_MODULES = YES;
				CLANG_ENABLE_OBJC_ARC = YES;
				CLANG_ENABLE_OBJC_WEAK = YES;
				CLANG_WARN_BLOCK_CAPTURE_AUTORELEASING = YES;
				CLANG_WARN_BOOL_CONVERSION = YES;
				CLANG_WARN_COMMA = YES;
				CLANG_WARN_CONSTANT_CONVERSION = YES;
				CLANG_WARN_DEPRECATED_OBJC_IMPLEMENTATIONS = YES;
				CLANG_WARN_DIRECT_OBJC_ISA_USAGE = YES_ERROR;
				CLANG_WARN_DOCUMENTATION_COMMENTS = YES;
				CLANG_WARN_EMPTY_BODY = YES;
				CLANG_WARN_ENUM_CONVERSION = YES;
				CLANG_WARN_INFINITE_RECURSION = YES;
				CLANG_WARN_INT_CONVERSION = YES;
				CLANG_WARN_NON_LITERAL_NULL_CONVERSION = YES;
				CLANG_WARN_OBJC_IMPLICIT_RETAIN_SELF = YES;
				CLANG_WARN_OBJC_LITERAL_CONVERSION = YES;
				CLANG_WARN_OBJC_ROOT_CLASS = YES_ERROR;
				CLANG_WARN_QUOTED_INCLUDE_IN_FRAMEWORK_HEADER = YES;
				CLANG_WARN_RANGE_LOOP_ANALYSIS = YES;
				CLANG_WARN_STRICT_PROTOTYPES = YES;
				CLANG_WARN_SUSPICIOUS_MOVE = YES;
				CLANG_WARN_UNGUARDED_AVAILABILITY = YES_AGGRESSIVE;
				CLANG_WARN_UNREACHABLE_CODE = YES;
				CLANG_WARN__DUPLICATE_METHOD_MATCH = YES;
				COPY_PHASE_STRIP = NO;
				DEBUG_INFORMATION_FORMAT = dwarf;
				ENABLE_STRICT_OBJC_MSGSEND = YES;
				ENABLE_TESTABILITY = YES;
				GCC_C_LANGUAGE_STANDARD = gnu11;
				GCC_DYNAMIC_NO_PIC = NO;
				GCC_NO_COMMON_BLOCKS = YES;
				GCC_OPTIMIZATION_LEVEL = 0;
				GCC_PREPROCESSOR_DEFINITIONS = (
					"DEBUG=1",
					"$(inherited)",
				);
				GCC_WARN_64_TO_32_BIT_CONVERSION = YES;
				GCC_WARN_ABOUT_RETURN_TYPE = YES_ERROR;
				GCC_WARN_UNDECLARED_SELECTOR = YES;
				GCC_WARN_UNINITIALIZED_AUTOS = YES_AGGRESSIVE;
				GCC_WARN_UNUSED_FUNCTION = YES;
				GCC_WARN_UNUSED_VARIABLE = YES;
				IPHONEOS_DEPLOYMENT_TARGET = 15.5;
				MTL_ENABLE_DEBUG_INFO = INCLUDE_SOURCE;
				MTL_FAST_MATH = YES;
				ONLY_ACTIVE_ARCH = YES;
				SDKROOT = iphoneos;
				SWIFT_ACTIVE_COMPILATION_CONDITIONS = DEBUG;
				SWIFT_OPTIMIZATION_LEVEL = "-Onone";
			};
			name = Debug;
		};
		4208858E287A34C100C8FA3B /* Release */ = {
			isa = XCBuildConfiguration;
			buildSettings = {
				ALWAYS_SEARCH_USER_PATHS = NO;
				CLANG_ANALYZER_NONNULL = YES;
				CLANG_ANALYZER_NUMBER_OBJECT_CONVERSION = YES_AGGRESSIVE;
				CLANG_CXX_LANGUAGE_STANDARD = "gnu++17";
				CLANG_ENABLE_MODULES = YES;
				CLANG_ENABLE_OBJC_ARC = YES;
				CLANG_ENABLE_OBJC_WEAK = YES;
				CLANG_WARN_BLOCK_CAPTURE_AUTORELEASING = YES;
				CLANG_WARN_BOOL_CONVERSION = YES;
				CLANG_WARN_COMMA = YES;
				CLANG_WARN_CONSTANT_CONVERSION = YES;
				CLANG_WARN_DEPRECATED_OBJC_IMPLEMENTATIONS = YES;
				CLANG_WARN_DIRECT_OBJC_ISA_USAGE = YES_ERROR;
				CLANG_WARN_DOCUMENTATION_COMMENTS = YES;
				CLANG_WARN_EMPTY_BODY = YES;
				CLANG_WARN_ENUM_CONVERSION = YES;
				CLANG_WARN_INFINITE_RECURSION = YES;
				CLANG_WARN_INT_CONVERSION = YES;
				CLANG_WARN_NON_LITERAL_NULL_CONVERSION = YES;
				CLANG_WARN_OBJC_IMPLICIT_RETAIN_SELF = YES;
				CLANG_WARN_OBJC_LITERAL_CONVERSION = YES;
				CLANG_WARN_OBJC_ROOT_CLASS = YES_ERROR;
				CLANG_WARN_QUOTED_INCLUDE_IN_FRAMEWORK_HEADER = YES;
				CLANG_WARN_RANGE_LOOP_ANALYSIS = YES;
				CLANG_WARN_STRICT_PROTOTYPES = YES;
				CLANG_WARN_SUSPICIOUS_MOVE = YES;
				CLANG_WARN_UNGUARDED_AVAILABILITY = YES_AGGRESSIVE;
				CLANG_WARN_UNREACHABLE_CODE = YES;
				CLANG_WARN__DUPLICATE_METHOD_MATCH = YES;
				COPY_PHASE_STRIP = NO;
				DEBUG_INFORMATION_FORMAT = "dwarf-with-dsym";
				ENABLE_NS_ASSERTIONS = NO;
				ENABLE_STRICT_OBJC_MSGSEND = YES;
				GCC_C_LANGUAGE_STANDARD = gnu11;
				GCC_NO_COMMON_BLOCKS = YES;
				GCC_WARN_64_TO_32_BIT_CONVERSION = YES;
				GCC_WARN_ABOUT_RETURN_TYPE = YES_ERROR;
				GCC_WARN_UNDECLARED_SELECTOR = YES;
				GCC_WARN_UNINITIALIZED_AUTOS = YES_AGGRESSIVE;
				GCC_WARN_UNUSED_FUNCTION = YES;
				GCC_WARN_UNUSED_VARIABLE = YES;
				IPHONEOS_DEPLOYMENT_TARGET = 15.5;
				MTL_ENABLE_DEBUG_INFO = NO;
				MTL_FAST_MATH = YES;
				SDKROOT = iphoneos;
				SWIFT_COMPILATION_MODE = wholemodule;
				SWIFT_OPTIMIZATION_LEVEL = "-O";
				VALIDATE_PRODUCT = YES;
			};
			name = Release;
		};
		42088590287A34C100C8FA3B /* Debug */ = {
			isa = XCBuildConfiguration;
			buildSettings = {
				ASSETCATALOG_COMPILER_APPICON_NAME = AppIcon;
				ASSETCATALOG_COMPILER_GLOBAL_ACCENT_COLOR_NAME = AccentColor;
				CODE_SIGN_STYLE = Automatic;
				CURRENT_PROJECT_VERSION = 1;
				GENERATE_INFOPLIST_FILE = YES;
				INFOPLIST_FILE = Today/Info.plist;
				INFOPLIST_KEY_UIApplicationSupportsIndirectInputEvents = YES;
				INFOPLIST_KEY_UILaunchStoryboardName = LaunchScreen;
				INFOPLIST_KEY_UIMainStoryboardFile = Main;
				INFOPLIST_KEY_UISupportedInterfaceOrientations_iPad = "UIInterfaceOrientationPortrait UIInterfaceOrientationPortraitUpsideDown UIInterfaceOrientationLandscapeLeft UIInterfaceOrientationLandscapeRight";
				INFOPLIST_KEY_UISupportedInterfaceOrientations_iPhone = "UIInterfaceOrientationPortrait UIInterfaceOrientationLandscapeLeft UIInterfaceOrientationLandscapeRight";
				LD_RUNPATH_SEARCH_PATHS = (
					"$(inherited)",
					"@executable_path/Frameworks",
				);
				MARKETING_VERSION = 1.0;
				PRODUCT_BUNDLE_IDENTIFIER = "Apple-Inc.Today";
				PRODUCT_NAME = "$(TARGET_NAME)";
				SWIFT_EMIT_LOC_STRINGS = YES;
				SWIFT_VERSION = 5.0;
				TARGETED_DEVICE_FAMILY = "1,2";
			};
			name = Debug;
		};
		42088591287A34C100C8FA3B /* Release */ = {
			isa = XCBuildConfiguration;
			buildSettings = {
				ASSETCATALOG_COMPILER_APPICON_NAME = AppIcon;
				ASSETCATALOG_COMPILER_GLOBAL_ACCENT_COLOR_NAME = AccentColor;
				CODE_SIGN_STYLE = Automatic;
				CURRENT_PROJECT_VERSION = 1;
				GENERATE_INFOPLIST_FILE = YES;
				INFOPLIST_FILE = Today/Info.plist;
				INFOPLIST_KEY_UIApplicationSupportsIndirectInputEvents = YES;
				INFOPLIST_KEY_UILaunchStoryboardName = LaunchScreen;
				INFOPLIST_KEY_UIMainStoryboardFile = Main;
				INFOPLIST_KEY_UISupportedInterfaceOrientations_iPad = "UIInterfaceOrientationPortrait UIInterfaceOrientationPortraitUpsideDown UIInterfaceOrientationLandscapeLeft UIInterfaceOrientationLandscapeRight";
				INFOPLIST_KEY_UISupportedInterfaceOrientations_iPhone = "UIInterfaceOrientationPortrait UIInterfaceOrientationLandscapeLeft UIInterfaceOrientationLandscapeRight";
				LD_RUNPATH_SEARCH_PATHS = (
					"$(inherited)",
					"@executable_path/Frameworks",
				);
				MARKETING_VERSION = 1.0;
				PRODUCT_BUNDLE_IDENTIFIER = "Apple-Inc.Today";
				PRODUCT_NAME = "$(TARGET_NAME)";
				SWIFT_EMIT_LOC_STRINGS = YES;
				SWIFT_VERSION = 5.0;
				TARGETED_DEVICE_FAMILY = "1,2";
			};
			name = Release;
		};
/* End XCBuildConfiguration section */

/* Begin XCConfigurationList section */
		42088576287A34BF00C8FA3B /* Build configuration list for PBXProject "Today" */ = {
			isa = XCConfigurationList;
			buildConfigurations = (
				4208858D287A34C100C8FA3B /* Debug */,
				4208858E287A34C100C8FA3B /* Release */,
			);
			defaultConfigurationIsVisible = 0;
			defaultConfigurationName = Release;
		};
		4208858F287A34C100C8FA3B /* Build configuration list for PBXNativeTarget "Today" */ = {
			isa = XCConfigurationList;
			buildConfigurations = (
				42088590287A34C100C8FA3B /* Debug */,
				42088591287A34C100C8FA3B /* Release */,
			);
			defaultConfigurationIsVisible = 0;
			defaultConfigurationName = Release;
		};
/* End XCConfigurationList section */
	};
	rootObject = 42088573287A34BF00C8FA3B /* Project object */;
}
